{
  "name": "nova-app",
  "version": "0.1.0",
  "lockfileVersion": 3,
  "requires": true,
  "packages": {
    "": {
      "name": "nova-app",
      "version": "0.1.0",
      "dependencies": {
        "@nova/forms": "file:../packages/forms",
        "@nova/islands": "file:../packages/islands",
        "@nova/motion": "file:../packages/motion",
        "@nova/router": "file:../packages/router",
        "@nova/runtime": "file:../packages/runtime",
        "@nova/signals": "file:../packages/signals"
      },
      "devDependencies": {
        "@nova/cli": "file:../packages/cli",
        "typescript": "^5.3.0"
      }
    },
    "../packages/cli": {
      "name": "@nova/cli",
      "version": "0.0.1",
      "dev": true,
      "dependencies": {
        "@nova/builder": "file:../builder",
        "@nova/compiler": "file:../compiler",
        "@nova/server": "file:../server"
      },
      "bin": {
        "nova": "dist/cli.js"
      },
      "devDependencies": {
        "@types/node": "^20.0.0",
        "typescript": "^5.3.0"
      }
    },
    "../packages/forms": {
      "name": "@nova/forms",
      "version": "0.0.1",
      "dependencies": {
        "@nova/runtime": "workspace:*",
        "@nova/signals": "workspace:*"
      }
    },
    "../packages/islands": {
      "name": "@nova/islands",
      "version": "0.0.1",
      "dependencies": {
        "@nova/runtime": "file:../runtime",
        "@nova/signals": "file:../signals"
      },
      "devDependencies": {
        "@types/node": "^20.0.0",
        "typescript": "^5.3.0"
      }
    },
    "../packages/motion": {
      "name": "@nova/motion",
      "version": "0.0.1",
      "dependencies": {
        "@nova/runtime": "workspace:*",
        "@nova/signals": "workspace:*"
      }
    },
    "../packages/router": {
      "name": "@nova/router",
      "version": "0.0.1",
      "devDependencies": {
        "@types/node": "^20.0.0",
        "typescript": "^5.3.0"
      }
    },
    "../packages/runtime": {
      "name": "@nova/runtime",
      "version": "0.0.1",
      "dependencies": {
        "@nova/signals": "file:../signals"
      },
      "devDependencies": {
        "@types/node": "^20.0.0",
        "typescript": "^5.3.0"
      }
    },
    "../packages/signals": {
      "name": "@nova/signals",
      "version": "0.0.1",
      "license": "MIT",
      "devDependencies": {
        "@types/node": "^20.0.0",
        "typescript": "^5.3.0"
      }
    },
    "node_modules/@nova/cli": {
      "resolved": "../packages/cli",
      "link": true
    },
    "node_modules/@nova/forms": {
      "resolved": "../packages/forms",
      "link": true
    },
    "node_modules/@nova/islands": {
      "resolved": "../packages/islands",
      "link": true
    },
    "node_modules/@nova/motion": {
      "resolved": "../packages/motion",
      "link": true
    },
    "node_modules/@nova/router": {
      "resolved": "../packages/router",
      "link": true
    },
    "node_modules/@nova/runtime": {
      "resolved": "../packages/runtime",
      "link": true
    },
    "node_modules/@nova/signals": {
      "resolved": "../packages/signals",
      "link": true
    },
    "node_modules/typescript": {
      "version": "5.9.3",
      "resolved": "https://registry.npmjs.org/typescript/-/typescript-5.9.3.tgz",
      "integrity": "sha512-jl1vZzPDinLr9eUt3J/t7V6FgNEw9QjvBPdysz9KfQDD41fQrC2Y4vKQdiaUpFT4bXlb1RHhLpp8wtm6M5TgSw==",
      "dev": true,
      "bin": {
        "tsc": "bin/tsc",
        "tsserver": "bin/tsserver"
      },
      "engines": {
        "node": ">=14.17"
      }
    }
  }
}
